// !$*UTF8*$!
{
	archiveVersion = 1;
	classes = {
	};
	objectVersion = 55;
	objects = {

/* Begin PBXBuildFile section */
		CE42D0832737B476009B8CA7 /* DepthDataProcessor+Extensions-macOS.swift in Sources */ = {isa = PBXBuildFile; fileRef = CE42D0822737B476009B8CA7 /* DepthDataProcessor+Extensions-macOS.swift */; };
		CE42D0842737B47B009B8CA7 /* CVPixelBuffer+Extensions-macOS.swift in Sources */ = {isa = PBXBuildFile; fileRef = CE42D0802737B45B009B8CA7 /* CVPixelBuffer+Extensions-macOS.swift */; };
		CE42D0862737B7CE009B8CA7 /* DepthBrewView-macOS.swift in Sources */ = {isa = PBXBuildFile; fileRef = CE42D0852737B7CE009B8CA7 /* DepthBrewView-macOS.swift */; };
		CE42D0882737C5AC009B8CA7 /* DepthBrewContentView.swift in Sources */ = {isa = PBXBuildFile; fileRef = CE42D0872737C5AC009B8CA7 /* DepthBrewContentView.swift */; };
		CE6C900527376C93005239E2 /* DepthBrewerApp.swift in Sources */ = {isa = PBXBuildFile; fileRef = CE6C8FF527376C92005239E2 /* DepthBrewerApp.swift */; };
		CE6C900627376C93005239E2 /* DepthBrewerApp.swift in Sources */ = {isa = PBXBuildFile; fileRef = CE6C8FF527376C92005239E2 /* DepthBrewerApp.swift */; };
		CE6C900727376C93005239E2 /* ContentView.swift in Sources */ = {isa = PBXBuildFile; fileRef = CE6C8FF627376C92005239E2 /* ContentView.swift */; };
		CE6C900827376C93005239E2 /* ContentView.swift in Sources */ = {isa = PBXBuildFile; fileRef = CE6C8FF627376C92005239E2 /* ContentView.swift */; };
		CE6C900927376C93005239E2 /* Assets.xcassets in Resources */ = {isa = PBXBuildFile; fileRef = CE6C8FF727376C93005239E2 /* Assets.xcassets */; };
		CE6C900A27376C93005239E2 /* Assets.xcassets in Resources */ = {isa = PBXBuildFile; fileRef = CE6C8FF727376C93005239E2 /* Assets.xcassets */; };
		CE6C901627376F69005239E2 /* AVDepthData+Extensions.swift in Sources */ = {isa = PBXBuildFile; fileRef = CE6C901527376F69005239E2 /* AVDepthData+Extensions.swift */; };
		CE6C901727376F73005239E2 /* AVDepthData+Extensions.swift in Sources */ = {isa = PBXBuildFile; fileRef = CE6C901527376F69005239E2 /* AVDepthData+Extensions.swift */; };
		CE6C901B27377085005239E2 /* CVPixelBuffer+Extensions.swift in Sources */ = {isa = PBXBuildFile; fileRef = CE6C901A27377085005239E2 /* CVPixelBuffer+Extensions.swift */; };
		CE6C901C27377085005239E2 /* CVPixelBuffer+Extensions.swift in Sources */ = {isa = PBXBuildFile; fileRef = CE6C901A27377085005239E2 /* CVPixelBuffer+Extensions.swift */; };
		CE6C901F273770EB005239E2 /* CVPixelBuffer+Extensions-iOS.swift in Sources */ = {isa = PBXBuildFile; fileRef = CE6C901E273770EB005239E2 /* CVPixelBuffer+Extensions-iOS.swift */; };
		CE6C902427377180005239E2 /* DepthDataProcessor.swift in Sources */ = {isa = PBXBuildFile; fileRef = CE6C902327377180005239E2 /* DepthDataProcessor.swift */; };
		CE6C902527377180005239E2 /* DepthDataProcessor.swift in Sources */ = {isa = PBXBuildFile; fileRef = CE6C902327377180005239E2 /* DepthDataProcessor.swift */; };
		CE6C90272737745D005239E2 /* DepthDataProcessor+Extensions-iOS.swift in Sources */ = {isa = PBXBuildFile; fileRef = CE6C90262737745D005239E2 /* DepthDataProcessor+Extensions-iOS.swift */; };
		CECE0F402737786200DFDB42 /* DepthBrewView-iOS.swift in Sources */ = {isa = PBXBuildFile; fileRef = CECE0F3F2737786200DFDB42 /* DepthBrewView-iOS.swift */; };
		CECE0F422737789A00DFDB42 /* PhotoPicker.swift in Sources */ = {isa = PBXBuildFile; fileRef = CECE0F412737789A00DFDB42 /* PhotoPicker.swift */; };
/* End PBXBuildFile section */

/* Begin PBXFileReference section */
		CE42D0802737B45B009B8CA7 /* CVPixelBuffer+Extensions-macOS.swift */ = {isa = PBXFileReference; lastKnownFileType = sourcecode.swift; path = "CVPixelBuffer+Extensions-macOS.swift"; sourceTree = "<group>"; };
		CE42D0822737B476009B8CA7 /* DepthDataProcessor+Extensions-macOS.swift */ = {isa = PBXFileReference; lastKnownFileType = sourcecode.swift; path = "DepthDataProcessor+Extensions-macOS.swift"; sourceTree = "<group>"; };
		CE42D0852737B7CE009B8CA7 /* DepthBrewView-macOS.swift */ = {isa = PBXFileReference; lastKnownFileType = sourcecode.swift; path = "DepthBrewView-macOS.swift"; sourceTree = "<group>"; };
		CE42D0872737C5AC009B8CA7 /* DepthBrewContentView.swift */ = {isa = PBXFileReference; lastKnownFileType = sourcecode.swift; path = DepthBrewContentView.swift; sourceTree = "<group>"; };
		CE6C8FF527376C92005239E2 /* DepthBrewerApp.swift */ = {isa = PBXFileReference; lastKnownFileType = sourcecode.swift; path = DepthBrewerApp.swift; sourceTree = "<group>"; };
		CE6C8FF627376C92005239E2 /* ContentView.swift */ = {isa = PBXFileReference; lastKnownFileType = sourcecode.swift; path = ContentView.swift; sourceTree = "<group>"; };
		CE6C8FF727376C93005239E2 /* Assets.xcassets */ = {isa = PBXFileReference; lastKnownFileType = folder.assetcatalog; path = Assets.xcassets; sourceTree = "<group>"; };
		CE6C8FFC27376C93005239E2 /* DepthBrewer.app */ = {isa = PBXFileReference; explicitFileType = wrapper.application; includeInIndex = 0; path = DepthBrewer.app; sourceTree = BUILT_PRODUCTS_DIR; };
		CE6C900227376C93005239E2 /* DepthBrewer.app */ = {isa = PBXFileReference; explicitFileType = wrapper.application; includeInIndex = 0; path = DepthBrewer.app; sourceTree = BUILT_PRODUCTS_DIR; };
		CE6C900427376C93005239E2 /* macOS.entitlements */ = {isa = PBXFileReference; lastKnownFileType = text.plist.entitlements; path = macOS.entitlements; sourceTree = "<group>"; };
		CE6C901527376F69005239E2 /* AVDepthData+Extensions.swift */ = {isa = PBXFileReference; lastKnownFileType = sourcecode.swift; path = "AVDepthData+Extensions.swift"; sourceTree = "<group>"; };
		CE6C901A27377085005239E2 /* CVPixelBuffer+Extensions.swift */ = {isa = PBXFileReference; lastKnownFileType = sourcecode.swift; path = "CVPixelBuffer+Extensions.swift"; sourceTree = "<group>"; };
		CE6C901E273770EB005239E2 /* CVPixelBuffer+Extensions-iOS.swift */ = {isa = PBXFileReference; lastKnownFileType = sourcecode.swift; path = "CVPixelBuffer+Extensions-iOS.swift"; sourceTree = "<group>"; };
		CE6C902327377180005239E2 /* DepthDataProcessor.swift */ = {isa = PBXFileReference; lastKnownFileType = sourcecode.swift; path = DepthDataProcessor.swift; sourceTree = "<group>"; };
		CE6C90262737745D005239E2 /* DepthDataProcessor+Extensions-iOS.swift */ = {isa = PBXFileReference; lastKnownFileType = sourcecode.swift; path = "DepthDataProcessor+Extensions-iOS.swift"; sourceTree = "<group>"; };
		CECE0F3F2737786200DFDB42 /* DepthBrewView-iOS.swift */ = {isa = PBXFileReference; fileEncoding = 4; lastKnownFileType = sourcecode.swift; path = "DepthBrewView-iOS.swift"; sourceTree = "<group>"; };
		CECE0F412737789A00DFDB42 /* PhotoPicker.swift */ = {isa = PBXFileReference; fileEncoding = 4; lastKnownFileType = sourcecode.swift; path = PhotoPicker.swift; sourceTree = "<group>"; };
/* End PBXFileReference section */

/* Begin PBXFrameworksBuildPhase section */
		CE6C8FF927376C93005239E2 /* Frameworks */ = {
			isa = PBXFrameworksBuildPhase;
			buildActionMask = 2147483647;
			files = (
			);
			runOnlyForDeploymentPostprocessing = 0;
		};
		CE6C8FFF27376C93005239E2 /* Frameworks */ = {
			isa = PBXFrameworksBuildPhase;
			buildActionMask = 2147483647;
			files = (
			);
			runOnlyForDeploymentPostprocessing = 0;
		};
/* End PBXFrameworksBuildPhase section */

/* Begin PBXGroup section */
		CE42D07E2737B433009B8CA7 /* Model */ = {
			isa = PBXGroup;
			children = (
				CE42D0802737B45B009B8CA7 /* CVPixelBuffer+Extensions-macOS.swift */,
				CE42D0822737B476009B8CA7 /* DepthDataProcessor+Extensions-macOS.swift */,
			);
			path = Model;
			sourceTree = "<group>";
		};
		CE42D07F2737B43D009B8CA7 /* View */ = {
			isa = PBXGroup;
			children = (
				CE42D0852737B7CE009B8CA7 /* DepthBrewView-macOS.swift */,
				CE42D0872737C5AC009B8CA7 /* DepthBrewContentView.swift */,
			);
			path = View;
			sourceTree = "<group>";
		};
		CE6C8FEF27376C92005239E2 = {
			isa = PBXGroup;
			children = (
				CE6C8FF427376C92005239E2 /* Shared */,
				CE6C900327376C93005239E2 /* macOS */,
				CE6C901327376D45005239E2 /* iOS */,
				CE6C8FFD27376C93005239E2 /* Products */,
			);
			sourceTree = "<group>";
		};
		CE6C8FF427376C92005239E2 /* Shared */ = {
			isa = PBXGroup;
			children = (
				CE6C901427376F4E005239E2 /* Model */,
				CE6C8FF527376C92005239E2 /* DepthBrewerApp.swift */,
				CE6C8FF627376C92005239E2 /* ContentView.swift */,
				CE6C8FF727376C93005239E2 /* Assets.xcassets */,
			);
			path = Shared;
			sourceTree = "<group>";
		};
		CE6C8FFD27376C93005239E2 /* Products */ = {
			isa = PBXGroup;
			children = (
				CE6C8FFC27376C93005239E2 /* DepthBrewer.app */,
				CE6C900227376C93005239E2 /* DepthBrewer.app */,
			);
			name = Products;
			sourceTree = "<group>";
		};
		CE6C900327376C93005239E2 /* macOS */ = {
			isa = PBXGroup;
			children = (
				CE42D07F2737B43D009B8CA7 /* View */,
				CE42D07E2737B433009B8CA7 /* Model */,
				CE6C900427376C93005239E2 /* macOS.entitlements */,
			);
			path = macOS;
			sourceTree = "<group>";
		};
		CE6C901327376D45005239E2 /* iOS */ = {
			isa = PBXGroup;
			children = (
				CE6C90202737713E005239E2 /* View */,
				CE6C901D273770D1005239E2 /* Model */,
			);
			path = iOS;
			sourceTree = "<group>";
		};
		CE6C901427376F4E005239E2 /* Model */ = {
			isa = PBXGroup;
			children = (
				CE6C901527376F69005239E2 /* AVDepthData+Extensions.swift */,
				CE6C901A27377085005239E2 /* CVPixelBuffer+Extensions.swift */,
				CE6C902327377180005239E2 /* DepthDataProcessor.swift */,
			);
			path = Model;
			sourceTree = "<group>";
		};
		CE6C901D273770D1005239E2 /* Model */ = {
			isa = PBXGroup;
			children = (
				CE6C901E273770EB005239E2 /* CVPixelBuffer+Extensions-iOS.swift */,
				CE6C90262737745D005239E2 /* DepthDataProcessor+Extensions-iOS.swift */,
			);
			path = Model;
			sourceTree = "<group>";
		};
		CE6C90202737713E005239E2 /* View */ = {
			isa = PBXGroup;
			children = (
				CECE0F3F2737786200DFDB42 /* DepthBrewView-iOS.swift */,
				CECE0F412737789A00DFDB42 /* PhotoPicker.swift */,
			);
			path = View;
			sourceTree = "<group>";
		};
/* End PBXGroup section */

/* Begin PBXNativeTarget section */
		CE6C8FFB27376C93005239E2 /* DepthBrewer (iOS) */ = {
			isa = PBXNativeTarget;
			buildConfigurationList = CE6C900D27376C93005239E2 /* Build configuration list for PBXNativeTarget "DepthBrewer (iOS)" */;
			buildPhases = (
				CE6C8FF827376C93005239E2 /* Sources */,
				CE6C8FF927376C93005239E2 /* Frameworks */,
				CE6C8FFA27376C93005239E2 /* Resources */,
			);
			buildRules = (
			);
			dependencies = (
			);
			name = "DepthBrewer (iOS)";
			productName = "DepthBrewer (iOS)";
			productReference = CE6C8FFC27376C93005239E2 /* DepthBrewer.app */;
			productType = "com.apple.product-type.application";
		};
		CE6C900127376C93005239E2 /* DepthBrewer (macOS) */ = {
			isa = PBXNativeTarget;
			buildConfigurationList = CE6C901027376C93005239E2 /* Build configuration list for PBXNativeTarget "DepthBrewer (macOS)" */;
			buildPhases = (
				CE6C8FFE27376C93005239E2 /* Sources */,
				CE6C8FFF27376C93005239E2 /* Frameworks */,
				CE6C900027376C93005239E2 /* Resources */,
			);
			buildRules = (
			);
			dependencies = (
			);
			name = "DepthBrewer (macOS)";
			productName = "DepthBrewer (macOS)";
			productReference = CE6C900227376C93005239E2 /* DepthBrewer.app */;
			productType = "com.apple.product-type.application";
		};
/* End PBXNativeTarget section */

/* Begin PBXProject section */
		CE6C8FF027376C92005239E2 /* Project object */ = {
			isa = PBXProject;
			attributes = {
				BuildIndependentTargetsInParallel = 1;
				LastSwiftUpdateCheck = 1300;
				LastUpgradeCheck = 1300;
				TargetAttributes = {
					CE6C8FFB27376C93005239E2 = {
						CreatedOnToolsVersion = 13.0;
					};
					CE6C900127376C93005239E2 = {
						CreatedOnToolsVersion = 13.0;
					};
				};
			};
			buildConfigurationList = CE6C8FF327376C92005239E2 /* Build configuration list for PBXProject "DepthBrewer" */;
			compatibilityVersion = "Xcode 13.0";
			developmentRegion = en;
			hasScannedForEncodings = 0;
			knownRegions = (
				en,
				Base,
			);
			mainGroup = CE6C8FEF27376C92005239E2;
			productRefGroup = CE6C8FFD27376C93005239E2 /* Products */;
			projectDirPath = "";
			projectRoot = "";
			targets = (
				CE6C8FFB27376C93005239E2 /* DepthBrewer (iOS) */,
				CE6C900127376C93005239E2 /* DepthBrewer (macOS) */,
			);
		};
/* End PBXProject section */

/* Begin PBXResourcesBuildPhase section */
		CE6C8FFA27376C93005239E2 /* Resources */ = {
			isa = PBXResourcesBuildPhase;
			buildActionMask = 2147483647;
			files = (
				CE6C900927376C93005239E2 /* Assets.xcassets in Resources */,
			);
			runOnlyForDeploymentPostprocessing = 0;
		};
		CE6C900027376C93005239E2 /* Resources */ = {
			isa = PBXResourcesBuildPhase;
			buildActionMask = 2147483647;
			files = (
				CE6C900A27376C93005239E2 /* Assets.xcassets in Resources */,
			);
			runOnlyForDeploymentPostprocessing = 0;
		};
/* End PBXResourcesBuildPhase section */

/* Begin PBXSourcesBuildPhase section */
		CE6C8FF827376C93005239E2 /* Sources */ = {
			isa = PBXSourcesBuildPhase;
			buildActionMask = 2147483647;
			files = (
				CE6C90272737745D005239E2 /* DepthDataProcessor+Extensions-iOS.swift in Sources */,
				CE6C900727376C93005239E2 /* ContentView.swift in Sources */,
				CECE0F422737789A00DFDB42 /* PhotoPicker.swift in Sources */,
				CECE0F402737786200DFDB42 /* DepthBrewView-iOS.swift in Sources */,
				CE6C901B27377085005239E2 /* CVPixelBuffer+Extensions.swift in Sources */,
				CE6C902427377180005239E2 /* DepthDataProcessor.swift in Sources */,
				CE6C901627376F69005239E2 /* AVDepthData+Extensions.swift in Sources */,
				CE6C900527376C93005239E2 /* DepthBrewerApp.swift in Sources */,
				CE6C901F273770EB005239E2 /* CVPixelBuffer+Extensions-iOS.swift in Sources */,
			);
			runOnlyForDeploymentPostprocessing = 0;
		};
		CE6C8FFE27376C93005239E2 /* Sources */ = {
			isa = PBXSourcesBuildPhase;
			buildActionMask = 2147483647;
			files = (
				CE42D0832737B476009B8CA7 /* DepthDataProcessor+Extensions-macOS.swift in Sources */,
				CE42D0842737B47B009B8CA7 /* CVPixelBuffer+Extensions-macOS.swift in Sources */,
				CE6C900827376C93005239E2 /* ContentView.swift in Sources */,
				CE6C902527377180005239E2 /* DepthDataProcessor.swift in Sources */,
				CE42D0862737B7CE009B8CA7 /* DepthBrewView-macOS.swift in Sources */,
				CE6C901C27377085005239E2 /* CVPixelBuffer+Extensions.swift in Sources */,
				CE6C901727376F73005239E2 /* AVDepthData+Extensions.swift in Sources */,
				CE6C900627376C93005239E2 /* DepthBrewerApp.swift in Sources */,
				CE42D0882737C5AC009B8CA7 /* DepthBrewContentView.swift in Sources */,
			);
			runOnlyForDeploymentPostprocessing = 0;
		};
/* End PBXSourcesBuildPhase section */

/* Begin XCBuildConfiguration section */
		CE6C900B27376C93005239E2 /* Debug */ = {
			isa = XCBuildConfiguration;
			buildSettings = {
				ALWAYS_SEARCH_USER_PATHS = NO;
				CLANG_ANALYZER_NONNULL = YES;
				CLANG_ANALYZER_NUMBER_OBJECT_CONVERSION = YES_AGGRESSIVE;
				CLANG_CXX_LANGUAGE_STANDARD = "gnu++17";
				CLANG_CXX_LIBRARY = "libc++";
				CLANG_ENABLE_MODULES = YES;
				CLANG_ENABLE_OBJC_ARC = YES;
				CLANG_ENABLE_OBJC_WEAK = YES;
				CLANG_WARN_BLOCK_CAPTURE_AUTORELEASING = YES;
				CLANG_WARN_BOOL_CONVERSION = YES;
				CLANG_WARN_COMMA = YES;
				CLANG_WARN_CONSTANT_CONVERSION = YES;
				CLANG_WARN_DEPRECATED_OBJC_IMPLEMENTATIONS = YES;
				CLANG_WARN_DIRECT_OBJC_ISA_USAGE = YES_ERROR;
				CLANG_WARN_DOCUMENTATION_COMMENTS = YES;
				CLANG_WARN_EMPTY_BODY = YES;
				CLANG_WARN_ENUM_CONVERSION = YES;
				CLANG_WARN_INFINITE_RECURSION = YES;
				CLANG_WARN_INT_CONVERSION = YES;
				CLANG_WARN_NON_LITERAL_NULL_CONVERSION = YES;
				CLANG_WARN_OBJC_IMPLICIT_RETAIN_SELF = YES;
				CLANG_WARN_OBJC_LITERAL_CONVERSION = YES;
				CLANG_WARN_OBJC_ROOT_CLASS = YES_ERROR;
				CLANG_WARN_QUOTED_INCLUDE_IN_FRAMEWORK_HEADER = YES;
				CLANG_WARN_RANGE_LOOP_ANALYSIS = YES;
				CLANG_WARN_STRICT_PROTOTYPES = YES;
				CLANG_WARN_SUSPICIOUS_MOVE = YES;
				CLANG_WARN_UNGUARDED_AVAILABILITY = YES_AGGRESSIVE;
				CLANG_WARN_UNREACHABLE_CODE = YES;
				CLANG_WARN__DUPLICATE_METHOD_MATCH = YES;
				COPY_PHASE_STRIP = NO;
				DEBUG_INFORMATION_FORMAT = dwarf;
				ENABLE_STRICT_OBJC_MSGSEND = YES;
				ENABLE_TESTABILITY = YES;
				GCC_C_LANGUAGE_STANDARD = gnu11;
				GCC_DYNAMIC_NO_PIC = NO;
				GCC_NO_COMMON_BLOCKS = YES;
				GCC_OPTIMIZATION_LEVEL = 0;
				GCC_PREPROCESSOR_DEFINITIONS = (
					"DEBUG=1",
					"$(inherited)",
				);
				GCC_WARN_64_TO_32_BIT_CONVERSION = YES;
				GCC_WARN_ABOUT_RETURN_TYPE = YES_ERROR;
				GCC_WARN_UNDECLARED_SELECTOR = YES;
				GCC_WARN_UNINITIALIZED_AUTOS = YES_AGGRESSIVE;
				GCC_WARN_UNUSED_FUNCTION = YES;
				GCC_WARN_UNUSED_VARIABLE = YES;
				IPHONEOS_DEPLOYMENT_TARGET = 15.0;
				MACOSX_DEPLOYMENT_TARGET = 11.3;
				MTL_ENABLE_DEBUG_INFO = INCLUDE_SOURCE;
				MTL_FAST_MATH = YES;
				ONLY_ACTIVE_ARCH = YES;
				SWIFT_ACTIVE_COMPILATION_CONDITIONS = DEBUG;
				SWIFT_OPTIMIZATION_LEVEL = "-Onone";
			};
			name = Debug;
		};
		CE6C900C27376C93005239E2 /* Release */ = {
			isa = XCBuildConfiguration;
			buildSettings = {
				ALWAYS_SEARCH_USER_PATHS = NO;
				CLANG_ANALYZER_NONNULL = YES;
				CLANG_ANALYZER_NUMBER_OBJECT_CONVERSION = YES_AGGRESSIVE;
				CLANG_CXX_LANGUAGE_STANDARD = "gnu++17";
				CLANG_CXX_LIBRARY = "libc++";
				CLANG_ENABLE_MODULES = YES;
				CLANG_ENABLE_OBJC_ARC = YES;
				CLANG_ENABLE_OBJC_WEAK = YES;
				CLANG_WARN_BLOCK_CAPTURE_AUTORELEASING = YES;
				CLANG_WARN_BOOL_CONVERSION = YES;
				CLANG_WARN_COMMA = YES;
				CLANG_WARN_CONSTANT_CONVERSION = YES;
				CLANG_WARN_DEPRECATED_OBJC_IMPLEMENTATIONS = YES;
				CLANG_WARN_DIRECT_OBJC_ISA_USAGE = YES_ERROR;
				CLANG_WARN_DOCUMENTATION_COMMENTS = YES;
				CLANG_WARN_EMPTY_BODY = YES;
				CLANG_WARN_ENUM_CONVERSION = YES;
				CLANG_WARN_INFINITE_RECURSION = YES;
				CLANG_WARN_INT_CONVERSION = YES;
				CLANG_WARN_NON_LITERAL_NULL_CONVERSION = YES;
				CLANG_WARN_OBJC_IMPLICIT_RETAIN_SELF = YES;
				CLANG_WARN_OBJC_LITERAL_CONVERSION = YES;
				CLANG_WARN_OBJC_ROOT_CLASS = YES_ERROR;
				CLANG_WARN_QUOTED_INCLUDE_IN_FRAMEWORK_HEADER = YES;
				CLANG_WARN_RANGE_LOOP_ANALYSIS = YES;
				CLANG_WARN_STRICT_PROTOTYPES = YES;
				CLANG_WARN_SUSPICIOUS_MOVE = YES;
				CLANG_WARN_UNGUARDED_AVAILABILITY = YES_AGGRESSIVE;
				CLANG_WARN_UNREACHABLE_CODE = YES;
				CLANG_WARN__DUPLICATE_METHOD_MATCH = YES;
				COPY_PHASE_STRIP = NO;
				DEBUG_INFORMATION_FORMAT = "dwarf-with-dsym";
				ENABLE_NS_ASSERTIONS = NO;
				ENABLE_STRICT_OBJC_MSGSEND = YES;
				GCC_C_LANGUAGE_STANDARD = gnu11;
				GCC_NO_COMMON_BLOCKS = YES;
				GCC_WARN_64_TO_32_BIT_CONVERSION = YES;
				GCC_WARN_ABOUT_RETURN_TYPE = YES_ERROR;
				GCC_WARN_UNDECLARED_SELECTOR = YES;
				GCC_WARN_UNINITIALIZED_AUTOS = YES_AGGRESSIVE;
				GCC_WARN_UNUSED_FUNCTION = YES;
				GCC_WARN_UNUSED_VARIABLE = YES;
				IPHONEOS_DEPLOYMENT_TARGET = 15.0;
				MACOSX_DEPLOYMENT_TARGET = 11.3;
				MTL_ENABLE_DEBUG_INFO = NO;
				MTL_FAST_MATH = YES;
				SWIFT_COMPILATION_MODE = wholemodule;
				SWIFT_OPTIMIZATION_LEVEL = "-O";
			};
			name = Release;
		};
		CE6C900E27376C93005239E2 /* Debug */ = {
			isa = XCBuildConfiguration;
			buildSettings = {
				ASSETCATALOG_COMPILER_APPICON_NAME = AppIcon;
				ASSETCATALOG_COMPILER_GLOBAL_ACCENT_COLOR_NAME = AccentColor;
				CODE_SIGN_STYLE = Automatic;
				CURRENT_PROJECT_VERSION = 1;
				DEVELOPMENT_TEAM = WHBF4Z49B6;
				ENABLE_PREVIEWS = YES;
				GENERATE_INFOPLIST_FILE = YES;
				INFOPLIST_KEY_NSPhotoLibraryUsageDescription = "DepthBrewer needs to access your photo library";
				INFOPLIST_KEY_UIApplicationSceneManifest_Generation = YES;
				INFOPLIST_KEY_UIApplicationSupportsIndirectInputEvents = YES;
				INFOPLIST_KEY_UILaunchScreen_Generation = YES;
				INFOPLIST_KEY_UISupportedInterfaceOrientations_iPad = "UIInterfaceOrientationPortrait UIInterfaceOrientationPortraitUpsideDown UIInterfaceOrientationLandscapeLeft UIInterfaceOrientationLandscapeRight";
				INFOPLIST_KEY_UISupportedInterfaceOrientations_iPhone = "UIInterfaceOrientationPortrait UIInterfaceOrientationLandscapeLeft UIInterfaceOrientationLandscapeRight";
				IPHONEOS_DEPLOYMENT_TARGET = 15.0;
				LD_RUNPATH_SEARCH_PATHS = (
					"$(inherited)",
					"@executable_path/Frameworks",
				);
				MARKETING_VERSION = 1.0;
				PRODUCT_BUNDLE_IDENTIFIER = com.shakshi.DepthBrewer;
				PRODUCT_NAME = DepthBrewer;
				SDKROOT = iphoneos;
				SWIFT_EMIT_LOC_STRINGS = YES;
				SWIFT_VERSION = 5.0;
				TARGETED_DEVICE_FAMILY = "1,2";
			};
			name = Debug;
		};
		CE6C900F27376C93005239E2 /* Release */ = {
			isa = XCBuildConfiguration;
			buildSettings = {
				ASSETCATALOG_COMPILER_APPICON_NAME = AppIcon;
				ASSETCATALOG_COMPILER_GLOBAL_ACCENT_COLOR_NAME = AccentColor;
				CODE_SIGN_STYLE = Automatic;
				CURRENT_PROJECT_VERSION = 1;
				DEVELOPMENT_TEAM = WHBF4Z49B6;
				ENABLE_PREVIEWS = YES;
				GENERATE_INFOPLIST_FILE = YES;
				INFOPLIST_KEY_NSPhotoLibraryUsageDescription = "DepthBrewer needs to access your photo library";
				INFOPLIST_KEY_UIApplicationSceneManifest_Generation = YES;
				INFOPLIST_KEY_UIApplicationSupportsIndirectInputEvents = YES;
				INFOPLIST_KEY_UILaunchScreen_Generation = YES;
				INFOPLIST_KEY_UISupportedInterfaceOrientations_iPad = "UIInterfaceOrientationPortrait UIInterfaceOrientationPortraitUpsideDown UIInterfaceOrientationLandscapeLeft UIInterfaceOrientationLandscapeRight";
				INFOPLIST_KEY_UISupportedInterfaceOrientations_iPhone = "UIInterfaceOrientationPortrait UIInterfaceOrientationLandscapeLeft UIInterfaceOrientationLandscapeRight";
				IPHONEOS_DEPLOYMENT_TARGET = 15.0;
				LD_RUNPATH_SEARCH_PATHS = (
					"$(inherited)",
					"@executable_path/Frameworks",
				);
				MARKETING_VERSION = 1.0;
				PRODUCT_BUNDLE_IDENTIFIER = com.shakshi.DepthBrewer;
				PRODUCT_NAME = DepthBrewer;
				SDKROOT = iphoneos;
				SWIFT_EMIT_LOC_STRINGS = YES;
				SWIFT_VERSION = 5.0;
				TARGETED_DEVICE_FAMILY = "1,2";
				VALIDATE_PRODUCT = YES;
			};
			name = Release;
		};
		CE6C901127376C93005239E2 /* Debug */ = {
			isa = XCBuildConfiguration;
			buildSettings = {
				ASSETCATALOG_COMPILER_APPICON_NAME = AppIcon;
				ASSETCATALOG_COMPILER_GLOBAL_ACCENT_COLOR_NAME = AccentColor;
				CODE_SIGN_ENTITLEMENTS = macOS/macOS.entitlements;
				CODE_SIGN_STYLE = Automatic;
				COMBINE_HIDPI_IMAGES = YES;
				CURRENT_PROJECT_VERSION = 1;
				DEVELOPMENT_TEAM = WHBF4Z49B6;
				ENABLE_HARDENED_RUNTIME = YES;
				ENABLE_PREVIEWS = YES;
				GENERATE_INFOPLIST_FILE = YES;
				INFOPLIST_KEY_NSHumanReadableCopyright = "";
				LD_RUNPATH_SEARCH_PATHS = (
					"$(inherited)",
					"@executable_path/../Frameworks",
				);
				MACOSX_DEPLOYMENT_TARGET = 11.0;
				MARKETING_VERSION = 1.0;
				PRODUCT_BUNDLE_IDENTIFIER = com.shakshi.DepthBrewer;
				PRODUCT_NAME = DepthBrewer;
				SDKROOT = macosx;
				SWIFT_EMIT_LOC_STRINGS = YES;
				SWIFT_VERSION = 5.0;
			};
			name = Debug;
		};
		CE6C901227376C93005239E2 /* Release */ = {
			isa = XCBuildConfiguration;
			buildSettings = {
				ASSETCATALOG_COMPILER_APPICON_NAME = AppIcon;
				ASSETCATALOG_COMPILER_GLOBAL_ACCENT_COLOR_NAME = AccentColor;
				CODE_SIGN_ENTITLEMENTS = macOS/macOS.entitlements;
				CODE_SIGN_STYLE = Automatic;
				COMBINE_HIDPI_IMAGES = YES;
				CURRENT_PROJECT_VERSION = 1;
				DEVELOPMENT_TEAM = WHBF4Z49B6;
				ENABLE_HARDENED_RUNTIME = YES;
				ENABLE_PREVIEWS = YES;
				GENERATE_INFOPLIST_FILE = YES;
				INFOPLIST_KEY_NSHumanReadableCopyright = "";
				LD_RUNPATH_SEARCH_PATHS = (
					"$(inherited)",
					"@executable_path/../Frameworks",
				);
				MACOSX_DEPLOYMENT_TARGET = 11.0;
				MARKETING_VERSION = 1.0;
				PRODUCT_BUNDLE_IDENTIFIER = com.shakshi.DepthBrewer;
				PRODUCT_NAME = DepthBrewer;
				SDKROOT = macosx;
				SWIFT_EMIT_LOC_STRINGS = YES;
				SWIFT_VERSION = 5.0;
			};
			name = Release;
		};
/* End XCBuildConfiguration section */

/* Begin XCConfigurationList section */
		CE6C8FF327376C92005239E2 /* Build configuration list for PBXProject "DepthBrewer" */ = {
			isa = XCConfigurationList;
			buildConfigurations = (
				CE6C900B27376C93005239E2 /* Debug */,
				CE6C900C27376C93005239E2 /* Release */,
			);
			defaultConfigurationIsVisible = 0;
			defaultConfigurationName = Release;
		};
		CE6C900D27376C93005239E2 /* Build configuration list for PBXNativeTarget "DepthBrewer (iOS)" */ = {
			isa = XCConfigurationList;
			buildConfigurations = (
				CE6C900E27376C93005239E2 /* Debug */,
				CE6C900F27376C93005239E2 /* Release */,
			);
			defaultConfigurationIsVisible = 0;
			defaultConfigurationName = Release;
		};
		CE6C901027376C93005239E2 /* Build configuration list for PBXNativeTarget "DepthBrewer (macOS)" */ = {
			isa = XCConfigurationList;
			buildConfigurations = (
				CE6C901127376C93005239E2 /* Debug */,
				CE6C901227376C93005239E2 /* Release */,
			);
			defaultConfigurationIsVisible = 0;
			defaultConfigurationName = Release;
		};
/* End XCConfigurationList section */
	};
	rootObject = CE6C8FF027376C92005239E2 /* Project object */;
}
